{
  "pins" : [
    {
      "identity" : "ml-stable-diffusion",
      "kind" : "remoteSourceControl",
      "location" : "https://github.com/apple/ml-stable-diffusion",
      "state" : {
        "branch" : "main",
        "revision" : "827d0177237b9d57481c7e99ef4f7a5e6d462cc6"
      }
    },
    {
      "identity" : "swift-argument-parser",
      "kind" : "remoteSourceControl",
      "location" : "https://github.com/apple/swift-argument-parser.git",
      "state" : {
        "revision" : "fddd1c00396eed152c45a46bea9f47b98e59301d",
        "version" : "1.2.0"
      }
    }
  ],
  "version" : 2
}
